
Microsoft Visual Studio Solution File, Format Version 12.00
# Visual Studio Version 16
VisualStudioVersion = 16.0.30204.135
MinimumVisualStudioVersion = 10.0.40219.1
Project("{FAE04EC0-301F-11D3-BF4B-00C04F79EFBC}") = "ndp_invest_helper", "ndp_invest_helper\ndp_invest_helper.csproj", "{9F061826-8D14-4143-A903-EA28E06D3C19}"
EndProject
Project("{FAE04EC0-301F-11D3-BF4B-00C04F79EFBC}") = "Test", "Test\Test.csproj", "{65527E96-3EDC-4959-833B-4CE7D6299F73}"
EndProject
Project("{FAE04EC0-301F-11D3-BF4B-00C04F79EFBC}") = "WindowsInput", "WindowsInput\WindowsInput.csproj", "{3549CD6F-80F8-450F-B99E-CF0A736B1F2A}"
EndProject
Project("{FAE04EC0-301F-11D3-BF4B-00C04F79EFBC}") = "EasyCompletionComboBox", "EasyCompletionComboBox\EasyCompletionComboBox.csproj", "{95B78778-E799-4F2E-AF0C-1109112C5FC7}"
EndProject
Global
	GlobalSection(SolutionConfigurationPlatforms) = preSolution
		Debug|Any CPU = Debug|Any CPU
		Release|Any CPU = Release|Any CPU
	EndGlobalSection
	GlobalSection(ProjectConfigurationPlatforms) = postSolution
		{9F061826-8D14-4143-A903-EA28E06D3C19}.Debug|Any CPU.ActiveCfg = Debug|Any CPU
		{9F061826-8D14-4143-A903-EA28E06D3C19}.Debug|Any CPU.Build.0 = Debug|Any CPU
		{9F061826-8D14-4143-A903-EA28E06D3C19}.Release|Any CPU.ActiveCfg = Release|Any CPU
		{9F061826-8D14-4143-A903-EA28E06D3C19}.Release|Any CPU.Build.0 = Release|Any CPU
		{65527E96-3EDC-4959-833B-4CE7D6299F73}.Debug|Any CPU.ActiveCfg = Debug|Any CPU
		{65527E96-3EDC-4959-833B-4CE7D6299F73}.Debug|Any CPU.Build.0 = Debug|Any CPU
		{65527E96-3EDC-4959-833B-4CE7D6299F73}.Release|Any CPU.ActiveCfg = Release|Any CPU
		{65527E96-3EDC-4959-833B-4CE7D6299F73}.Release|Any CPU.Build.0 = Release|Any CPU
		{3549CD6F-80F8-450F-B99E-CF0A736B1F2A}.Debug|Any CPU.ActiveCfg = Debug|Any CPU
		{3549CD6F-80F8-450F-B99E-CF0A736B1F2A}.Debug|Any CPU.Build.0 = Debug|Any CPU
		{3549CD6F-80F8-450F-B99E-CF0A736B1F2A}.Release|Any CPU.ActiveCfg = Release|Any CPU
		{3549CD6F-80F8-450F-B99E-CF0A736B1F2A}.Release|Any CPU.Build.0 = Release|Any CPU
		{95B78778-E799-4F2E-AF0C-1109112C5FC7}.Debug|Any CPU.ActiveCfg = Debug|Any CPU
		{95B78778-E799-4F2E-AF0C-1109112C5FC7}.Debug|Any CPU.Build.0 = Debug|Any CPU
		{95B78778-E799-4F2E-AF0C-1109112C5FC7}.Release|Any CPU.ActiveCfg = Release|Any CPU
		{95B78778-E799-4F2E-AF0C-1109112C5FC7}.Release|Any CPU.Build.0 = Release|Any CPU
	EndGlobalSection
	GlobalSection(SolutionProperties) = preSolution
		HideSolutionNode = FALSE
	EndGlobalSection
	GlobalSection(ExtensibilityGlobals) = postSolution
		SolutionGuid = {50AE07F4-E9E5-49EB-A9D3-F8CCFA02A611}
	EndGlobalSection
EndGlobal
